
Microsoft Visual Studio Solution File, Format Version 12.00
# Visual Studio Version 17
VisualStudioVersion = 17.0.31903.59
MinimumVisualStudioVersion = 10.0.40219.1
Project("{FAE04EC0-301F-11D3-BF4B-00C04F79EFBC}") = "TicTacClient", "TicTacClient.csproj", "{131A8781-7753-4FE0-BBA8-269D428063A0}"
EndProject
Global
	GlobalSection(SolutionConfigurationPlatforms) = preSolution
		Debug|Any CPU = Debug|Any CPU
		Release|Any CPU = Release|Any CPU
	EndGlobalSection
	GlobalSection(ProjectConfigurationPlatforms) = postSolution
		{131A8781-7753-4FE0-BBA8-269D428063A0}.Debug|Any CPU.ActiveCfg = Debug|Any CPU
		{131A8781-7753-4FE0-BBA8-269D428063A0}.Debug|Any CPU.Build.0 = Debug|Any CPU
		{131A8781-7753-4FE0-BBA8-269D428063A0}.Release|Any CPU.ActiveCfg = Release|Any CPU
		{131A8781-7753-4FE0-BBA8-269D428063A0}.Release|Any CPU.Build.0 = Release|Any CPU
	EndGlobalSection
	GlobalSection(SolutionProperties) = preSolution
		HideSolutionNode = FALSE
	EndGlobalSection
	GlobalSection(ExtensibilityGlobals) = postSolution
		SolutionGuid = {821A0F8A-FB20-49D8-BB1B-469DA06D7BBD}
	EndGlobalSection
EndGlobal
